// !$*UTF8*$!
{
	archiveVersion = 1;
	classes = {
	};
	objectVersion = 46;
	objects = {

/* Begin PBXBuildFile section */
		FEBEB81C1715D0BD006CE864 /* UIKit.framework in Frameworks */ = {isa = PBXBuildFile; fileRef = FEBEB81B1715D0BD006CE864 /* UIKit.framework */; };
		FEBEB81E1715D0BD006CE864 /* Foundation.framework in Frameworks */ = {isa = PBXBuildFile; fileRef = FEBEB81D1715D0BD006CE864 /* Foundation.framework */; };
		FEBEB8201715D0BD006CE864 /* CoreGraphics.framework in Frameworks */ = {isa = PBXBuildFile; fileRef = FEBEB81F1715D0BD006CE864 /* CoreGraphics.framework */; };
		FEBEB8261715D0BD006CE864 /* InfoPlist.strings in Resources */ = {isa = PBXBuildFile; fileRef = FEBEB8241715D0BD006CE864 /* InfoPlist.strings */; };
		FEBEB8281715D0BD006CE864 /* main.m in Sources */ = {isa = PBXBuildFile; fileRef = FEBEB8271715D0BD006CE864 /* main.m */; };
		FEBEB82C1715D0BD006CE864 /* ZBAppDelegate.m in Sources */ = {isa = PBXBuildFile; fileRef = FEBEB82B1715D0BD006CE864 /* ZBAppDelegate.m */; };
		FEBEB82E1715D0BD006CE864 /* Default.png in Resources */ = {isa = PBXBuildFile; fileRef = FEBEB82D1715D0BD006CE864 /* Default.png */; };
		FEBEB8301715D0BD006CE864 /* Default@2x.png in Resources */ = {isa = PBXBuildFile; fileRef = FEBEB82F1715D0BD006CE864 /* Default@2x.png */; };
		FEBEB8321715D0BD006CE864 /* Default-568h@2x.png in Resources */ = {isa = PBXBuildFile; fileRef = FEBEB8311715D0BD006CE864 /* Default-568h@2x.png */; };
		FEBEB8351715D0BD006CE864 /* MainStoryboard.storyboard in Resources */ = {isa = PBXBuildFile; fileRef = FEBEB8331715D0BD006CE864 /* MainStoryboard.storyboard */; };
		FEBEB8381715D0BD006CE864 /* ZBViewController.m in Sources */ = {isa = PBXBuildFile; fileRef = FEBEB8371715D0BD006CE864 /* ZBViewController.m */; };
		FEBEB8401715D27B006CE864 /* Zenobase.m in Sources */ = {isa = PBXBuildFile; fileRef = FEBEB83F1715D27B006CE864 /* Zenobase.m */; };
		FEBEB8441715D2A6006CE864 /* ZBBucket.m in Sources */ = {isa = PBXBuildFile; fileRef = FEBEB8431715D2A6006CE864 /* ZBBucket.m */; };
		FEBEB8471715D2B3006CE864 /* ZBEvent.m in Sources */ = {isa = PBXBuildFile; fileRef = FEBEB8461715D2B3006CE864 /* ZBEvent.m */; };
		FEE66C0C1719C7EF0045674B /* ZBSettingsViewController.m in Sources */ = {isa = PBXBuildFile; fileRef = FEE66C0B1719C7EF0045674B /* ZBSettingsViewController.m */; };
		FEE66C0F171A52540045674B /* ZBConnectionDelegate.m in Sources */ = {isa = PBXBuildFile; fileRef = FEE66C0E171A52540045674B /* ZBConnectionDelegate.m */; };
/* End PBXBuildFile section */

/* Begin PBXFileReference section */
		FEBEB8181715D0BD006CE864 /* ZenobaseViewer.app */ = {isa = PBXFileReference; explicitFileType = wrapper.application; includeInIndex = 0; path = ZenobaseViewer.app; sourceTree = BUILT_PRODUCTS_DIR; };
		FEBEB81B1715D0BD006CE864 /* UIKit.framework */ = {isa = PBXFileReference; lastKnownFileType = wrapper.framework; name = UIKit.framework; path = System/Library/Frameworks/UIKit.framework; sourceTree = SDKROOT; };
		FEBEB81D1715D0BD006CE864 /* Foundation.framework */ = {isa = PBXFileReference; lastKnownFileType = wrapper.framework; name = Foundation.framework; path = System/Library/Frameworks/Foundation.framework; sourceTree = SDKROOT; };
		FEBEB81F1715D0BD006CE864 /* CoreGraphics.framework */ = {isa = PBXFileReference; lastKnownFileType = wrapper.framework; name = CoreGraphics.framework; path = System/Library/Frameworks/CoreGraphics.framework; sourceTree = SDKROOT; };
		FEBEB8231715D0BD006CE864 /* ZenobaseViewer-Info.plist */ = {isa = PBXFileReference; lastKnownFileType = text.plist.xml; path = "ZenobaseViewer-Info.plist"; sourceTree = "<group>"; };
		FEBEB8251715D0BD006CE864 /* en */ = {isa = PBXFileReference; lastKnownFileType = text.plist.strings; name = en; path = en.lproj/InfoPlist.strings; sourceTree = "<group>"; };
		FEBEB8271715D0BD006CE864 /* main.m */ = {isa = PBXFileReference; lastKnownFileType = sourcecode.c.objc; path = main.m; sourceTree = "<group>"; };
		FEBEB8291715D0BD006CE864 /* ZenobaseViewer-Prefix.pch */ = {isa = PBXFileReference; lastKnownFileType = sourcecode.c.h; path = "ZenobaseViewer-Prefix.pch"; sourceTree = "<group>"; };
		FEBEB82A1715D0BD006CE864 /* ZBAppDelegate.h */ = {isa = PBXFileReference; lastKnownFileType = sourcecode.c.h; path = ZBAppDelegate.h; sourceTree = "<group>"; };
		FEBEB82B1715D0BD006CE864 /* ZBAppDelegate.m */ = {isa = PBXFileReference; lastKnownFileType = sourcecode.c.objc; path = ZBAppDelegate.m; sourceTree = "<group>"; };
		FEBEB82D1715D0BD006CE864 /* Default.png */ = {isa = PBXFileReference; lastKnownFileType = image.png; path = Default.png; sourceTree = "<group>"; };
		FEBEB82F1715D0BD006CE864 /* Default@2x.png */ = {isa = PBXFileReference; lastKnownFileType = image.png; path = "Default@2x.png"; sourceTree = "<group>"; };
		FEBEB8311715D0BD006CE864 /* Default-568h@2x.png */ = {isa = PBXFileReference; lastKnownFileType = image.png; path = "Default-568h@2x.png"; sourceTree = "<group>"; };
		FEBEB8341715D0BD006CE864 /* en */ = {isa = PBXFileReference; lastKnownFileType = file.storyboard; name = en; path = en.lproj/MainStoryboard.storyboard; sourceTree = "<group>"; };
		FEBEB8361715D0BD006CE864 /* ZBViewController.h */ = {isa = PBXFileReference; lastKnownFileType = sourcecode.c.h; path = ZBViewController.h; sourceTree = "<group>"; };
		FEBEB8371715D0BD006CE864 /* ZBViewController.m */ = {isa = PBXFileReference; lastKnownFileType = sourcecode.c.objc; path = ZBViewController.m; sourceTree = "<group>"; };
		FEBEB83E1715D27B006CE864 /* Zenobase.h */ = {isa = PBXFileReference; fileEncoding = 4; lastKnownFileType = sourcecode.c.h; path = Zenobase.h; sourceTree = "<group>"; };
		FEBEB83F1715D27B006CE864 /* Zenobase.m */ = {isa = PBXFileReference; fileEncoding = 4; lastKnownFileType = sourcecode.c.objc; path = Zenobase.m; sourceTree = "<group>"; };
		FEBEB8421715D2A6006CE864 /* ZBBucket.h */ = {isa = PBXFileReference; fileEncoding = 4; lastKnownFileType = sourcecode.c.h; path = ZBBucket.h; sourceTree = "<group>"; };
		FEBEB8431715D2A6006CE864 /* ZBBucket.m */ = {isa = PBXFileReference; fileEncoding = 4; lastKnownFileType = sourcecode.c.objc; path = ZBBucket.m; sourceTree = "<group>"; };
		FEBEB8451715D2B3006CE864 /* ZBEvent.h */ = {isa = PBXFileReference; fileEncoding = 4; lastKnownFileType = sourcecode.c.h; path = ZBEvent.h; sourceTree = "<group>"; };
		FEBEB8461715D2B3006CE864 /* ZBEvent.m */ = {isa = PBXFileReference; fileEncoding = 4; lastKnownFileType = sourcecode.c.objc; path = ZBEvent.m; sourceTree = "<group>"; };
		FEE66C0A1719C7EF0045674B /* ZBSettingsViewController.h */ = {isa = PBXFileReference; fileEncoding = 4; lastKnownFileType = sourcecode.c.h; path = ZBSettingsViewController.h; sourceTree = "<group>"; };
		FEE66C0B1719C7EF0045674B /* ZBSettingsViewController.m */ = {isa = PBXFileReference; fileEncoding = 4; lastKnownFileType = sourcecode.c.objc; path = ZBSettingsViewController.m; sourceTree = "<group>"; };
		FEE66C0D171A52540045674B /* ZBConnectionDelegate.h */ = {isa = PBXFileReference; fileEncoding = 4; lastKnownFileType = sourcecode.c.h; path = ZBConnectionDelegate.h; sourceTree = "<group>"; };
		FEE66C0E171A52540045674B /* ZBConnectionDelegate.m */ = {isa = PBXFileReference; fileEncoding = 4; lastKnownFileType = sourcecode.c.objc; path = ZBConnectionDelegate.m; sourceTree = "<group>"; };
/* End PBXFileReference section */

/* Begin PBXFrameworksBuildPhase section */
		FEBEB8151715D0BD006CE864 /* Frameworks */ = {
			isa = PBXFrameworksBuildPhase;
			buildActionMask = 2147483647;
			files = (
				FEBEB81C1715D0BD006CE864 /* UIKit.framework in Frameworks */,
				FEBEB81E1715D0BD006CE864 /* Foundation.framework in Frameworks */,
				FEBEB8201715D0BD006CE864 /* CoreGraphics.framework in Frameworks */,
			);
			runOnlyForDeploymentPostprocessing = 0;
		};
/* End PBXFrameworksBuildPhase section */

/* Begin PBXGroup section */
		FEBEB80F1715D0BD006CE864 = {
			isa = PBXGroup;
			children = (
				FEBEB8211715D0BD006CE864 /* ZenobaseViewer */,
				FEBEB81A1715D0BD006CE864 /* Frameworks */,
				FEBEB8191715D0BD006CE864 /* Products */,
			);
			sourceTree = "<group>";
		};
		FEBEB8191715D0BD006CE864 /* Products */ = {
			isa = PBXGroup;
			children = (
				FEBEB8181715D0BD006CE864 /* ZenobaseViewer.app */,
			);
			name = Products;
			sourceTree = "<group>";
		};
		FEBEB81A1715D0BD006CE864 /* Frameworks */ = {
			isa = PBXGroup;
			children = (
				FEBEB81B1715D0BD006CE864 /* UIKit.framework */,
				FEBEB81D1715D0BD006CE864 /* Foundation.framework */,
				FEBEB81F1715D0BD006CE864 /* CoreGraphics.framework */,
			);
			name = Frameworks;
			sourceTree = "<group>";
		};
		FEBEB8211715D0BD006CE864 /* ZenobaseViewer */ = {
			isa = PBXGroup;
			children = (
				FEBEB82A1715D0BD006CE864 /* ZBAppDelegate.h */,
				FEBEB82B1715D0BD006CE864 /* ZBAppDelegate.m */,
				FEBEB8331715D0BD006CE864 /* MainStoryboard.storyboard */,
				FEBEB8411715D284006CE864 /* ZBModel */,
				FEBEB8361715D0BD006CE864 /* ZBViewController.h */,
				FEBEB8371715D0BD006CE864 /* ZBViewController.m */,
				FEE66C0A1719C7EF0045674B /* ZBSettingsViewController.h */,
				FEE66C0B1719C7EF0045674B /* ZBSettingsViewController.m */,
				FEBEB8221715D0BD006CE864 /* Supporting Files */,
			);
			path = ZenobaseViewer;
			sourceTree = "<group>";
		};
		FEBEB8221715D0BD006CE864 /* Supporting Files */ = {
			isa = PBXGroup;
			children = (
				FEBEB8231715D0BD006CE864 /* ZenobaseViewer-Info.plist */,
				FEBEB8241715D0BD006CE864 /* InfoPlist.strings */,
				FEBEB8271715D0BD006CE864 /* main.m */,
				FEBEB8291715D0BD006CE864 /* ZenobaseViewer-Prefix.pch */,
				FEBEB82D1715D0BD006CE864 /* Default.png */,
				FEBEB82F1715D0BD006CE864 /* Default@2x.png */,
				FEBEB8311715D0BD006CE864 /* Default-568h@2x.png */,
			);
			name = "Supporting Files";
			sourceTree = "<group>";
		};
		FEBEB8411715D284006CE864 /* ZBModel */ = {
			isa = PBXGroup;
			children = (
				FEBEB83E1715D27B006CE864 /* Zenobase.h */,
				FEE66C0D171A52540045674B /* ZBConnectionDelegate.h */,
				FEE66C0E171A52540045674B /* ZBConnectionDelegate.m */,
				FEBEB83F1715D27B006CE864 /* Zenobase.m */,
				FEBEB8421715D2A6006CE864 /* ZBBucket.h */,
				FEBEB8431715D2A6006CE864 /* ZBBucket.m */,
				FEBEB8451715D2B3006CE864 /* ZBEvent.h */,
				FEBEB8461715D2B3006CE864 /* ZBEvent.m */,
			);
			name = ZBModel;
			sourceTree = "<group>";
		};
/* End PBXGroup section */

/* Begin PBXNativeTarget section */
		FEBEB8171715D0BD006CE864 /* ZenobaseViewer */ = {
			isa = PBXNativeTarget;
			buildConfigurationList = FEBEB83B1715D0BD006CE864 /* Build configuration list for PBXNativeTarget "ZenobaseViewer" */;
			buildPhases = (
				FEBEB8141715D0BD006CE864 /* Sources */,
				FEBEB8151715D0BD006CE864 /* Frameworks */,
				FEBEB8161715D0BD006CE864 /* Resources */,
			);
			buildRules = (
			);
			dependencies = (
			);
			name = ZenobaseViewer;
			productName = ZenobaseViewer;
			productReference = FEBEB8181715D0BD006CE864 /* ZenobaseViewer.app */;
			productType = "com.apple.product-type.application";
		};
/* End PBXNativeTarget section */

/* Begin PBXProject section */
		FEBEB8101715D0BD006CE864 /* Project object */ = {
			isa = PBXProject;
			attributes = {
				CLASSPREFIX = ZB;
				LastUpgradeCheck = 0460;
				ORGANIZATIONNAME = "Richard Sprague";
			};
			buildConfigurationList = FEBEB8131715D0BD006CE864 /* Build configuration list for PBXProject "ZenobaseViewer" */;
			compatibilityVersion = "Xcode 3.2";
			developmentRegion = English;
			hasScannedForEncodings = 0;
			knownRegions = (
				en,
			);
			mainGroup = FEBEB80F1715D0BD006CE864;
			productRefGroup = FEBEB8191715D0BD006CE864 /* Products */;
			projectDirPath = "";
			projectRoot = "";
			targets = (
				FEBEB8171715D0BD006CE864 /* ZenobaseViewer */,
			);
		};
/* End PBXProject section */

/* Begin PBXResourcesBuildPhase section */
		FEBEB8161715D0BD006CE864 /* Resources */ = {
			isa = PBXResourcesBuildPhase;
			buildActionMask = 2147483647;
			files = (
				FEBEB8261715D0BD006CE864 /* InfoPlist.strings in Resources */,
				FEBEB82E1715D0BD006CE864 /* Default.png in Resources */,
				FEBEB8301715D0BD006CE864 /* Default@2x.png in Resources */,
				FEBEB8321715D0BD006CE864 /* Default-568h@2x.png in Resources */,
				FEBEB8351715D0BD006CE864 /* MainStoryboard.storyboard in Resources */,
			);
			runOnlyForDeploymentPostprocessing = 0;
		};
/* End PBXResourcesBuildPhase section */

/* Begin PBXSourcesBuildPhase section */
		FEBEB8141715D0BD006CE864 /* Sources */ = {
			isa = PBXSourcesBuildPhase;
			buildActionMask = 2147483647;
			files = (
				FEBEB8281715D0BD006CE864 /* main.m in Sources */,
				FEBEB82C1715D0BD006CE864 /* ZBAppDelegate.m in Sources */,
				FEBEB8381715D0BD006CE864 /* ZBViewController.m in Sources */,
				FEBEB8401715D27B006CE864 /* Zenobase.m in Sources */,
				FEBEB8441715D2A6006CE864 /* ZBBucket.m in Sources */,
				FEBEB8471715D2B3006CE864 /* ZBEvent.m in Sources */,
				FEE66C0C1719C7EF0045674B /* ZBSettingsViewController.m in Sources */,
				FEE66C0F171A52540045674B /* ZBConnectionDelegate.m in Sources */,
			);
			runOnlyForDeploymentPostprocessing = 0;
		};
/* End PBXSourcesBuildPhase section */

/* Begin PBXVariantGroup section */
		FEBEB8241715D0BD006CE864 /* InfoPlist.strings */ = {
			isa = PBXVariantGroup;
			children = (
				FEBEB8251715D0BD006CE864 /* en */,
			);
			name = InfoPlist.strings;
			sourceTree = "<group>";
		};
		FEBEB8331715D0BD006CE864 /* MainStoryboard.storyboard */ = {
			isa = PBXVariantGroup;
			children = (
				FEBEB8341715D0BD006CE864 /* en */,
			);
			name = MainStoryboard.storyboard;
			sourceTree = "<group>";
		};
/* End PBXVariantGroup section */

/* Begin XCBuildConfiguration section */
		FEBEB8391715D0BD006CE864 /* Debug */ = {
			isa = XCBuildConfiguration;
			buildSettings = {
				ALWAYS_SEARCH_USER_PATHS = NO;
				CLANG_CXX_LANGUAGE_STANDARD = "gnu++0x";
				CLANG_CXX_LIBRARY = "libc++";
				CLANG_ENABLE_OBJC_ARC = YES;
				CLANG_WARN_CONSTANT_CONVERSION = YES;
				CLANG_WARN_EMPTY_BODY = YES;
				CLANG_WARN_ENUM_CONVERSION = YES;
				CLANG_WARN_INT_CONVERSION = YES;
				CLANG_WARN__DUPLICATE_METHOD_MATCH = YES;
				"CODE_SIGN_IDENTITY[sdk=iphoneos*]" = "iPhone Developer";
				COPY_PHASE_STRIP = NO;
				GCC_C_LANGUAGE_STANDARD = gnu99;
				GCC_DYNAMIC_NO_PIC = NO;
				GCC_OPTIMIZATION_LEVEL = 0;
				GCC_PREPROCESSOR_DEFINITIONS = (
					"DEBUG=1",
					"$(inherited)",
				);
				GCC_SYMBOLS_PRIVATE_EXTERN = NO;
				GCC_WARN_ABOUT_RETURN_TYPE = YES;
				GCC_WARN_UNINITIALIZED_AUTOS = YES;
				GCC_WARN_UNUSED_VARIABLE = YES;
				IPHONEOS_DEPLOYMENT_TARGET = 6.1;
				ONLY_ACTIVE_ARCH = YES;
				SDKROOT = iphoneos;
			};
			name = Debug;
		};
		FEBEB83A1715D0BD006CE864 /* Release */ = {
			isa = XCBuildConfiguration;
			buildSettings = {
				ALWAYS_SEARCH_USER_PATHS = NO;
				CLANG_CXX_LANGUAGE_STANDARD = "gnu++0x";
				CLANG_CXX_LIBRARY = "libc++";
				CLANG_ENABLE_OBJC_ARC = YES;
				CLANG_WARN_CONSTANT_CONVERSION = YES;
				CLANG_WARN_EMPTY_BODY = YES;
				CLANG_WARN_ENUM_CONVERSION = YES;
				CLANG_WARN_INT_CONVERSION = YES;
				CLANG_WARN__DUPLICATE_METHOD_MATCH = YES;
				"CODE_SIGN_IDENTITY[sdk=iphoneos*]" = "iPhone Developer";
				COPY_PHASE_STRIP = YES;
				GCC_C_LANGUAGE_STANDARD = gnu99;
				GCC_WARN_ABOUT_RETURN_TYPE = YES;
				GCC_WARN_UNINITIALIZED_AUTOS = YES;
				GCC_WARN_UNUSED_VARIABLE = YES;
				IPHONEOS_DEPLOYMENT_TARGET = 6.1;
				OTHER_CFLAGS = "-DNS_BLOCK_ASSERTIONS=1";
				SDKROOT = iphoneos;
				VALIDATE_PRODUCT = YES;
			};
			name = Release;
		};
		FEBEB83C1715D0BD006CE864 /* Debug */ = {
			isa = XCBuildConfiguration;
			buildSettings = {
				GCC_PRECOMPILE_PREFIX_HEADER = YES;
				GCC_PREFIX_HEADER = "ZenobaseViewer/ZenobaseViewer-Prefix.pch";
				INFOPLIST_FILE = "ZenobaseViewer/ZenobaseViewer-Info.plist";
				PRODUCT_NAME = "$(TARGET_NAME)";
				WRAPPER_EXTENSION = app;
			};
			name = Debug;
		};
		FEBEB83D1715D0BD006CE864 /* Release */ = {
			isa = XCBuildConfiguration;
			buildSettings = {
				GCC_PRECOMPILE_PREFIX_HEADER = YES;
				GCC_PREFIX_HEADER = "ZenobaseViewer/ZenobaseViewer-Prefix.pch";
				INFOPLIST_FILE = "ZenobaseViewer/ZenobaseViewer-Info.plist";
				PRODUCT_NAME = "$(TARGET_NAME)";
				WRAPPER_EXTENSION = app;
			};
			name = Release;
		};
/* End XCBuildConfiguration section */

/* Begin XCConfigurationList section */
		FEBEB8131715D0BD006CE864 /* Build configuration list for PBXProject "ZenobaseViewer" */ = {
			isa = XCConfigurationList;
			buildConfigurations = (
				FEBEB8391715D0BD006CE864 /* Debug */,
				FEBEB83A1715D0BD006CE864 /* Release */,
			);
			defaultConfigurationIsVisible = 0;
			defaultConfigurationName = Release;
		};
		FEBEB83B1715D0BD006CE864 /* Build configuration list for PBXNativeTarget "ZenobaseViewer" */ = {
			isa = XCConfigurationList;
			buildConfigurations = (
				FEBEB83C1715D0BD006CE864 /* Debug */,
				FEBEB83D1715D0BD006CE864 /* Release */,
			);
			defaultConfigurationIsVisible = 0;
			defaultConfigurationName = Release;
		};
/* End XCConfigurationList section */
	};
	rootObject = FEBEB8101715D0BD006CE864 /* Project object */;
}
